
Microsoft Visual Studio Solution File, Format Version 12.00
# Visual Studio Version 17
VisualStudioVersion = 17.7.34031.279
MinimumVisualStudioVersion = 10.0.40219.1
Project("{9A19103F-16F7-4668-BE54-9A1E7A4F7556}") = "WebApplication", "WebApplication\WebApplication.csproj", "{937A5E6B-8539-4940-8A6F-9ACB072D2E76}"
EndProject
Project("{9A19103F-16F7-4668-BE54-9A1E7A4F7556}") = "Core", "Core\Core.csproj", "{CB3F243B-5CC0-43D3-914B-2B1BCD5C516D}"
EndProject
Project("{9A19103F-16F7-4668-BE54-9A1E7A4F7556}") = "MySqlMigrations", "MySqlMigrations\MySqlMigrations.csproj", "{7D585438-F9EF-463F-8F40-44284F1353D5}"
EndProject
Project("{9A19103F-16F7-4668-BE54-9A1E7A4F7556}") = "OracleMigrations", "OracleMigrations\OracleMigrations.csproj", "{21B4C2D2-299B-44D9-8F0F-EC75366A6448}"
EndProject
Project("{54A90642-561A-4BB1-A94E-469ADEE60C69}") = "Angular", "Angular\Angular.esproj", "{42261BC4-C0FB-49ED-863D-1A526D95EEC6}"
EndProject
Global
	GlobalSection(SolutionConfigurationPlatforms) = preSolution
		Debug|Any CPU = Debug|Any CPU
		Release|Any CPU = Release|Any CPU
	EndGlobalSection
	GlobalSection(ProjectConfigurationPlatforms) = postSolution
		{937A5E6B-8539-4940-8A6F-9ACB072D2E76}.Debug|Any CPU.ActiveCfg = Debug|Any CPU
		{937A5E6B-8539-4940-8A6F-9ACB072D2E76}.Debug|Any CPU.Build.0 = Debug|Any CPU
		{937A5E6B-8539-4940-8A6F-9ACB072D2E76}.Release|Any CPU.ActiveCfg = Release|Any CPU
		{937A5E6B-8539-4940-8A6F-9ACB072D2E76}.Release|Any CPU.Build.0 = Release|Any CPU
		{CB3F243B-5CC0-43D3-914B-2B1BCD5C516D}.Debug|Any CPU.ActiveCfg = Debug|Any CPU
		{CB3F243B-5CC0-43D3-914B-2B1BCD5C516D}.Debug|Any CPU.Build.0 = Debug|Any CPU
		{CB3F243B-5CC0-43D3-914B-2B1BCD5C516D}.Release|Any CPU.ActiveCfg = Release|Any CPU
		{CB3F243B-5CC0-43D3-914B-2B1BCD5C516D}.Release|Any CPU.Build.0 = Release|Any CPU
		{7D585438-F9EF-463F-8F40-44284F1353D5}.Debug|Any CPU.ActiveCfg = Debug|Any CPU
		{7D585438-F9EF-463F-8F40-44284F1353D5}.Debug|Any CPU.Build.0 = Debug|Any CPU
		{7D585438-F9EF-463F-8F40-44284F1353D5}.Release|Any CPU.ActiveCfg = Release|Any CPU
		{7D585438-F9EF-463F-8F40-44284F1353D5}.Release|Any CPU.Build.0 = Release|Any CPU
		{21B4C2D2-299B-44D9-8F0F-EC75366A6448}.Debug|Any CPU.ActiveCfg = Debug|Any CPU
		{21B4C2D2-299B-44D9-8F0F-EC75366A6448}.Debug|Any CPU.Build.0 = Debug|Any CPU
		{21B4C2D2-299B-44D9-8F0F-EC75366A6448}.Release|Any CPU.ActiveCfg = Release|Any CPU
		{21B4C2D2-299B-44D9-8F0F-EC75366A6448}.Release|Any CPU.Build.0 = Release|Any CPU
		{42261BC4-C0FB-49ED-863D-1A526D95EEC6}.Debug|Any CPU.ActiveCfg = Debug|Any CPU
		{42261BC4-C0FB-49ED-863D-1A526D95EEC6}.Debug|Any CPU.Build.0 = Debug|Any CPU
		{42261BC4-C0FB-49ED-863D-1A526D95EEC6}.Debug|Any CPU.Deploy.0 = Debug|Any CPU
		{42261BC4-C0FB-49ED-863D-1A526D95EEC6}.Release|Any CPU.ActiveCfg = Release|Any CPU
		{42261BC4-C0FB-49ED-863D-1A526D95EEC6}.Release|Any CPU.Build.0 = Release|Any CPU
		{42261BC4-C0FB-49ED-863D-1A526D95EEC6}.Release|Any CPU.Deploy.0 = Release|Any CPU
	EndGlobalSection
	GlobalSection(SolutionProperties) = preSolution
		HideSolutionNode = FALSE
	EndGlobalSection
	GlobalSection(ExtensibilityGlobals) = postSolution
		SolutionGuid = {FE8FFE93-ACC1-45F6-8317-C332C58F85D3}
	EndGlobalSection
EndGlobal
